
Microsoft Visual Studio Solution File, Format Version 12.00
# Visual Studio Version 17
VisualStudioVersion = 17.5.002.0
MinimumVisualStudioVersion = 10.0.40219.1
Project("{9A19103F-16F7-4668-BE54-9A1E7A4F7556}") = "Sample_Project", "Sample_Project.csproj", "{F53CF2E8-B532-491D-B091-C019F5B934AC}"
EndProject
Project("{FAE04EC0-301F-11D3-BF4B-00C04F79EFBC}") = "E_COMMERCE", "..\E_COMMERCE\E_COMMERCE.csproj", "{DAFEAE19-EAF3-467A-9AD4-DB0EEEBAC522}"
EndProject
Project("{FAE04EC0-301F-11D3-BF4B-00C04F79EFBC}") = "Assignment_Project", "..\Assignment_Project\Assignment_Project.csproj", "{14E04BBB-B37A-495A-A514-963259D9B629}"
EndProject
Global
	GlobalSection(SolutionConfigurationPlatforms) = preSolution
		Debug|Any CPU = Debug|Any CPU
		Release|Any CPU = Release|Any CPU
	EndGlobalSection
	GlobalSection(ProjectConfigurationPlatforms) = postSolution
		{F53CF2E8-B532-491D-B091-C019F5B934AC}.Debug|Any CPU.ActiveCfg = Debug|Any CPU
		{F53CF2E8-B532-491D-B091-C019F5B934AC}.Debug|Any CPU.Build.0 = Debug|Any CPU
		{F53CF2E8-B532-491D-B091-C019F5B934AC}.Release|Any CPU.ActiveCfg = Release|Any CPU
		{F53CF2E8-B532-491D-B091-C019F5B934AC}.Release|Any CPU.Build.0 = Release|Any CPU
		{DAFEAE19-EAF3-467A-9AD4-DB0EEEBAC522}.Debug|Any CPU.ActiveCfg = Debug|Any CPU
		{DAFEAE19-EAF3-467A-9AD4-DB0EEEBAC522}.Debug|Any CPU.Build.0 = Debug|Any CPU
		{DAFEAE19-EAF3-467A-9AD4-DB0EEEBAC522}.Release|Any CPU.ActiveCfg = Release|Any CPU
		{DAFEAE19-EAF3-467A-9AD4-DB0EEEBAC522}.Release|Any CPU.Build.0 = Release|Any CPU
		{14E04BBB-B37A-495A-A514-963259D9B629}.Debug|Any CPU.ActiveCfg = Debug|Any CPU
		{14E04BBB-B37A-495A-A514-963259D9B629}.Debug|Any CPU.Build.0 = Debug|Any CPU
		{14E04BBB-B37A-495A-A514-963259D9B629}.Release|Any CPU.ActiveCfg = Release|Any CPU
		{14E04BBB-B37A-495A-A514-963259D9B629}.Release|Any CPU.Build.0 = Release|Any CPU
	EndGlobalSection
	GlobalSection(SolutionProperties) = preSolution
		HideSolutionNode = FALSE
	EndGlobalSection
	GlobalSection(ExtensibilityGlobals) = postSolution
		SolutionGuid = {D2435A7E-2B9A-40BB-8B36-4D34B5615C57}
	EndGlobalSection
EndGlobal
